
Microsoft Visual Studio Solution File, Format Version 12.00
# Visual Studio Version 17
VisualStudioVersion = 17.4.33205.214
MinimumVisualStudioVersion = 10.0.40219.1
Project("{FAE04EC0-301F-11D3-BF4B-00C04F79EFBC}") = "WpfMudBlazor", "WpfMudBlazor\WpfMudBlazor.csproj", "{1132E7C2-FB78-409A-AB09-898F99624EEF}"
EndProject
Global
	GlobalSection(SolutionConfigurationPlatforms) = preSolution
		Debug|Any CPU = Debug|Any CPU
		Release|Any CPU = Release|Any CPU
	EndGlobalSection
	GlobalSection(ProjectConfigurationPlatforms) = postSolution
		{1132E7C2-FB78-409A-AB09-898F99624EEF}.Debug|Any CPU.ActiveCfg = Debug|Any CPU
		{1132E7C2-FB78-409A-AB09-898F99624EEF}.Debug|Any CPU.Build.0 = Debug|Any CPU
		{1132E7C2-FB78-409A-AB09-898F99624EEF}.Release|Any CPU.ActiveCfg = Release|Any CPU
		{1132E7C2-FB78-409A-AB09-898F99624EEF}.Release|Any CPU.Build.0 = Release|Any CPU
	EndGlobalSection
	GlobalSection(SolutionProperties) = preSolution
		HideSolutionNode = FALSE
	EndGlobalSection
	GlobalSection(ExtensibilityGlobals) = postSolution
		SolutionGuid = {38AFCF73-9635-4D10-B502-8E5A14AAC0F8}
	EndGlobalSection
EndGlobal
